
Microsoft Visual Studio Solution File, Format Version 12.00
# Visual Studio Version 17
VisualStudioVersion = 17.11.35303.130
MinimumVisualStudioVersion = 10.0.40219.1
Project("{FAE04EC0-301F-11D3-BF4B-00C04F79EFBC}") = "A2Avaliacao", "A2Avaliacao\A2Avaliacao.csproj", "{100918A2-95D6-4696-8286-1A3D15F828F9}"
EndProject
Global
	GlobalSection(SolutionConfigurationPlatforms) = preSolution
		Debug|Any CPU = Debug|Any CPU
		Release|Any CPU = Release|Any CPU
	EndGlobalSection
	GlobalSection(ProjectConfigurationPlatforms) = postSolution
		{100918A2-95D6-4696-8286-1A3D15F828F9}.Debug|Any CPU.ActiveCfg = Debug|Any CPU
		{100918A2-95D6-4696-8286-1A3D15F828F9}.Debug|Any CPU.Build.0 = Debug|Any CPU
		{100918A2-95D6-4696-8286-1A3D15F828F9}.Release|Any CPU.ActiveCfg = Release|Any CPU
		{100918A2-95D6-4696-8286-1A3D15F828F9}.Release|Any CPU.Build.0 = Release|Any CPU
	EndGlobalSection
	GlobalSection(SolutionProperties) = preSolution
		HideSolutionNode = FALSE
	EndGlobalSection
	GlobalSection(ExtensibilityGlobals) = postSolution
		SolutionGuid = {20BEB25B-9C74-491D-84D5-AC8F143C9F7A}
	EndGlobalSection
EndGlobal
